// !$*UTF8*$!
{
	archiveVersion = 1;
	classes = {
	};
	objectVersion = 46;
	objects = {

/* Begin PBXBuildFile section */
		0AFC05B810F74C8FA86431B2 /* libPods-OCMockSingletonsExampleTests.a in Frameworks */ = {isa = PBXBuildFile; fileRef = FD2A6DD2E48E475AB9405891 /* libPods-OCMockSingletonsExampleTests.a */; };
		84424BBB18B3D4B2005C51CE /* Foundation.framework in Frameworks */ = {isa = PBXBuildFile; fileRef = 84424BBA18B3D4B2005C51CE /* Foundation.framework */; };
		84424BBD18B3D4B2005C51CE /* CoreGraphics.framework in Frameworks */ = {isa = PBXBuildFile; fileRef = 84424BBC18B3D4B2005C51CE /* CoreGraphics.framework */; };
		84424BBF18B3D4B2005C51CE /* UIKit.framework in Frameworks */ = {isa = PBXBuildFile; fileRef = 84424BBE18B3D4B2005C51CE /* UIKit.framework */; };
		84424BC518B3D4B2005C51CE /* InfoPlist.strings in Resources */ = {isa = PBXBuildFile; fileRef = 84424BC318B3D4B2005C51CE /* InfoPlist.strings */; };
		84424BC718B3D4B2005C51CE /* main.m in Sources */ = {isa = PBXBuildFile; fileRef = 84424BC618B3D4B2005C51CE /* main.m */; };
		84424BCD18B3D4B2005C51CE /* Images.xcassets in Resources */ = {isa = PBXBuildFile; fileRef = 84424BCC18B3D4B2005C51CE /* Images.xcassets */; };
		84424BD418B3D4B2005C51CE /* XCTest.framework in Frameworks */ = {isa = PBXBuildFile; fileRef = 84424BD318B3D4B2005C51CE /* XCTest.framework */; };
		84424BD518B3D4B2005C51CE /* Foundation.framework in Frameworks */ = {isa = PBXBuildFile; fileRef = 84424BBA18B3D4B2005C51CE /* Foundation.framework */; };
		84424BD618B3D4B2005C51CE /* UIKit.framework in Frameworks */ = {isa = PBXBuildFile; fileRef = 84424BBE18B3D4B2005C51CE /* UIKit.framework */; };
		84424BDE18B3D4B2005C51CE /* InfoPlist.strings in Resources */ = {isa = PBXBuildFile; fileRef = 84424BDC18B3D4B2005C51CE /* InfoPlist.strings */; };
		84424BEB18B3D4CB005C51CE /* AppDelegate.m in Sources */ = {isa = PBXBuildFile; fileRef = 84424BEA18B3D4CB005C51CE /* AppDelegate.m */; };
		84424BED18B3D4D2005C51CE /* Main.storyboard in Resources */ = {isa = PBXBuildFile; fileRef = 84424BEC18B3D4D2005C51CE /* Main.storyboard */; };
		84424BF018B3D4E1005C51CE /* SettingsViewController.m in Sources */ = {isa = PBXBuildFile; fileRef = 84424BEF18B3D4E1005C51CE /* SettingsViewController.m */; };
		84424BF218B3D4F8005C51CE /* SettingsViewControllerTests.m in Sources */ = {isa = PBXBuildFile; fileRef = 84424BF118B3D4F8005C51CE /* SettingsViewControllerTests.m */; };
/* End PBXBuildFile section */

/* Begin PBXContainerItemProxy section */
		84424BD718B3D4B2005C51CE /* PBXContainerItemProxy */ = {
			isa = PBXContainerItemProxy;
			containerPortal = 84424BAF18B3D4B2005C51CE /* Project object */;
			proxyType = 1;
			remoteGlobalIDString = 84424BB618B3D4B2005C51CE;
			remoteInfo = OCMockSingletonsExample;
		};
/* End PBXContainerItemProxy section */

/* Begin PBXFileReference section */
		84424BB718B3D4B2005C51CE /* OCMockSingletonsExample.app */ = {isa = PBXFileReference; explicitFileType = wrapper.application; includeInIndex = 0; path = OCMockSingletonsExample.app; sourceTree = BUILT_PRODUCTS_DIR; };
		84424BBA18B3D4B2005C51CE /* Foundation.framework */ = {isa = PBXFileReference; lastKnownFileType = wrapper.framework; name = Foundation.framework; path = System/Library/Frameworks/Foundation.framework; sourceTree = SDKROOT; };
		84424BBC18B3D4B2005C51CE /* CoreGraphics.framework */ = {isa = PBXFileReference; lastKnownFileType = wrapper.framework; name = CoreGraphics.framework; path = System/Library/Frameworks/CoreGraphics.framework; sourceTree = SDKROOT; };
		84424BBE18B3D4B2005C51CE /* UIKit.framework */ = {isa = PBXFileReference; lastKnownFileType = wrapper.framework; name = UIKit.framework; path = System/Library/Frameworks/UIKit.framework; sourceTree = SDKROOT; };
		84424BC218B3D4B2005C51CE /* OCMockSingletonsExample-Info.plist */ = {isa = PBXFileReference; lastKnownFileType = text.plist.xml; path = "OCMockSingletonsExample-Info.plist"; sourceTree = "<group>"; };
		84424BC418B3D4B2005C51CE /* en */ = {isa = PBXFileReference; lastKnownFileType = text.plist.strings; name = en; path = en.lproj/InfoPlist.strings; sourceTree = "<group>"; };
		84424BC618B3D4B2005C51CE /* main.m */ = {isa = PBXFileReference; lastKnownFileType = sourcecode.c.objc; path = main.m; sourceTree = "<group>"; };
		84424BC818B3D4B2005C51CE /* OCMockSingletonsExample-Prefix.pch */ = {isa = PBXFileReference; lastKnownFileType = sourcecode.c.h; path = "OCMockSingletonsExample-Prefix.pch"; sourceTree = "<group>"; };
		84424BCC18B3D4B2005C51CE /* Images.xcassets */ = {isa = PBXFileReference; lastKnownFileType = folder.assetcatalog; path = Images.xcassets; sourceTree = "<group>"; };
		84424BD218B3D4B2005C51CE /* OCMockSingletonsExampleTests.xctest */ = {isa = PBXFileReference; explicitFileType = wrapper.cfbundle; includeInIndex = 0; path = OCMockSingletonsExampleTests.xctest; sourceTree = BUILT_PRODUCTS_DIR; };
		84424BD318B3D4B2005C51CE /* XCTest.framework */ = {isa = PBXFileReference; lastKnownFileType = wrapper.framework; name = XCTest.framework; path = Library/Frameworks/XCTest.framework; sourceTree = DEVELOPER_DIR; };
		84424BDB18B3D4B2005C51CE /* OCMockSingletonsExampleTests-Info.plist */ = {isa = PBXFileReference; lastKnownFileType = text.plist.xml; path = "OCMockSingletonsExampleTests-Info.plist"; sourceTree = "<group>"; };
		84424BDD18B3D4B2005C51CE /* en */ = {isa = PBXFileReference; lastKnownFileType = text.plist.strings; name = en; path = en.lproj/InfoPlist.strings; sourceTree = "<group>"; };
		84424BE918B3D4CB005C51CE /* AppDelegate.h */ = {isa = PBXFileReference; fileEncoding = 4; lastKnownFileType = sourcecode.c.h; path = AppDelegate.h; sourceTree = "<group>"; };
		84424BEA18B3D4CB005C51CE /* AppDelegate.m */ = {isa = PBXFileReference; fileEncoding = 4; lastKnownFileType = sourcecode.c.objc; path = AppDelegate.m; sourceTree = "<group>"; };
		84424BEC18B3D4D2005C51CE /* Main.storyboard */ = {isa = PBXFileReference; fileEncoding = 4; lastKnownFileType = file.storyboard; path = Main.storyboard; sourceTree = "<group>"; };
		84424BEE18B3D4E1005C51CE /* SettingsViewController.h */ = {isa = PBXFileReference; fileEncoding = 4; lastKnownFileType = sourcecode.c.h; path = SettingsViewController.h; sourceTree = "<group>"; };
		84424BEF18B3D4E1005C51CE /* SettingsViewController.m */ = {isa = PBXFileReference; fileEncoding = 4; lastKnownFileType = sourcecode.c.objc; path = SettingsViewController.m; sourceTree = "<group>"; };
		84424BF118B3D4F8005C51CE /* SettingsViewControllerTests.m */ = {isa = PBXFileReference; fileEncoding = 4; lastKnownFileType = sourcecode.c.objc; path = SettingsViewControllerTests.m; sourceTree = "<group>"; };
		84424BF318B3D504005C51CE /* Podfile */ = {isa = PBXFileReference; lastKnownFileType = text; path = Podfile; sourceTree = "<group>"; };
		970D463D207E485EB6F80F7A /* Pods-OCMockSingletonsExampleTests.xcconfig */ = {isa = PBXFileReference; includeInIndex = 1; lastKnownFileType = text.xcconfig; name = "Pods-OCMockSingletonsExampleTests.xcconfig"; path = "Pods/Pods-OCMockSingletonsExampleTests.xcconfig"; sourceTree = "<group>"; };
		FD2A6DD2E48E475AB9405891 /* libPods-OCMockSingletonsExampleTests.a */ = {isa = PBXFileReference; explicitFileType = archive.ar; includeInIndex = 0; path = "libPods-OCMockSingletonsExampleTests.a"; sourceTree = BUILT_PRODUCTS_DIR; };
/* End PBXFileReference section */

/* Begin PBXFrameworksBuildPhase section */
		84424BB418B3D4B2005C51CE /* Frameworks */ = {
			isa = PBXFrameworksBuildPhase;
			buildActionMask = 2147483647;
			files = (
				84424BBD18B3D4B2005C51CE /* CoreGraphics.framework in Frameworks */,
				84424BBF18B3D4B2005C51CE /* UIKit.framework in Frameworks */,
				84424BBB18B3D4B2005C51CE /* Foundation.framework in Frameworks */,
			);
			runOnlyForDeploymentPostprocessing = 0;
		};
		84424BCF18B3D4B2005C51CE /* Frameworks */ = {
			isa = PBXFrameworksBuildPhase;
			buildActionMask = 2147483647;
			files = (
				84424BD418B3D4B2005C51CE /* XCTest.framework in Frameworks */,
				84424BD618B3D4B2005C51CE /* UIKit.framework in Frameworks */,
				84424BD518B3D4B2005C51CE /* Foundation.framework in Frameworks */,
				0AFC05B810F74C8FA86431B2 /* libPods-OCMockSingletonsExampleTests.a in Frameworks */,
			);
			runOnlyForDeploymentPostprocessing = 0;
		};
/* End PBXFrameworksBuildPhase section */

/* Begin PBXGroup section */
		84424BAE18B3D4B2005C51CE = {
			isa = PBXGroup;
			children = (
				84424BF318B3D504005C51CE /* Podfile */,
				84424BC018B3D4B2005C51CE /* OCMockSingletonsExample */,
				84424BD918B3D4B2005C51CE /* OCMockSingletonsExampleTests */,
				84424BB918B3D4B2005C51CE /* Frameworks */,
				84424BB818B3D4B2005C51CE /* Products */,
				970D463D207E485EB6F80F7A /* Pods-OCMockSingletonsExampleTests.xcconfig */,
			);
			sourceTree = "<group>";
		};
		84424BB818B3D4B2005C51CE /* Products */ = {
			isa = PBXGroup;
			children = (
				84424BB718B3D4B2005C51CE /* OCMockSingletonsExample.app */,
				84424BD218B3D4B2005C51CE /* OCMockSingletonsExampleTests.xctest */,
			);
			name = Products;
			sourceTree = "<group>";
		};
		84424BB918B3D4B2005C51CE /* Frameworks */ = {
			isa = PBXGroup;
			children = (
				84424BBA18B3D4B2005C51CE /* Foundation.framework */,
				84424BBC18B3D4B2005C51CE /* CoreGraphics.framework */,
				84424BBE18B3D4B2005C51CE /* UIKit.framework */,
				84424BD318B3D4B2005C51CE /* XCTest.framework */,
				FD2A6DD2E48E475AB9405891 /* libPods-OCMockSingletonsExampleTests.a */,
			);
			name = Frameworks;
			sourceTree = "<group>";
		};
		84424BC018B3D4B2005C51CE /* OCMockSingletonsExample */ = {
			isa = PBXGroup;
			children = (
				84424BEE18B3D4E1005C51CE /* SettingsViewController.h */,
				84424BEF18B3D4E1005C51CE /* SettingsViewController.m */,
				84424BEC18B3D4D2005C51CE /* Main.storyboard */,
				84424BE918B3D4CB005C51CE /* AppDelegate.h */,
				84424BEA18B3D4CB005C51CE /* AppDelegate.m */,
				84424BCC18B3D4B2005C51CE /* Images.xcassets */,
				84424BC118B3D4B2005C51CE /* Supporting Files */,
			);
			path = OCMockSingletonsExample;
			sourceTree = "<group>";
		};
		84424BC118B3D4B2005C51CE /* Supporting Files */ = {
			isa = PBXGroup;
			children = (
				84424BC218B3D4B2005C51CE /* OCMockSingletonsExample-Info.plist */,
				84424BC318B3D4B2005C51CE /* InfoPlist.strings */,
				84424BC618B3D4B2005C51CE /* main.m */,
				84424BC818B3D4B2005C51CE /* OCMockSingletonsExample-Prefix.pch */,
			);
			name = "Supporting Files";
			sourceTree = "<group>";
		};
		84424BD918B3D4B2005C51CE /* OCMockSingletonsExampleTests */ = {
			isa = PBXGroup;
			children = (
				84424BF118B3D4F8005C51CE /* SettingsViewControllerTests.m */,
				84424BDA18B3D4B2005C51CE /* Supporting Files */,
			);
			path = OCMockSingletonsExampleTests;
			sourceTree = "<group>";
		};
		84424BDA18B3D4B2005C51CE /* Supporting Files */ = {
			isa = PBXGroup;
			children = (
				84424BDB18B3D4B2005C51CE /* OCMockSingletonsExampleTests-Info.plist */,
				84424BDC18B3D4B2005C51CE /* InfoPlist.strings */,
			);
			name = "Supporting Files";
			sourceTree = "<group>";
		};
/* End PBXGroup section */

/* Begin PBXNativeTarget section */
		84424BB618B3D4B2005C51CE /* OCMockSingletonsExample */ = {
			isa = PBXNativeTarget;
			buildConfigurationList = 84424BE318B3D4B2005C51CE /* Build configuration list for PBXNativeTarget "OCMockSingletonsExample" */;
			buildPhases = (
				84424BB318B3D4B2005C51CE /* Sources */,
				84424BB418B3D4B2005C51CE /* Frameworks */,
				84424BB518B3D4B2005C51CE /* Resources */,
			);
			buildRules = (
			);
			dependencies = (
			);
			name = OCMockSingletonsExample;
			productName = OCMockSingletonsExample;
			productReference = 84424BB718B3D4B2005C51CE /* OCMockSingletonsExample.app */;
			productType = "com.apple.product-type.application";
		};
		84424BD118B3D4B2005C51CE /* OCMockSingletonsExampleTests */ = {
			isa = PBXNativeTarget;
			buildConfigurationList = 84424BE618B3D4B2005C51CE /* Build configuration list for PBXNativeTarget "OCMockSingletonsExampleTests" */;
			buildPhases = (
				0B736CF9B0464E81B34725B4 /* Check Pods Manifest.lock */,
				84424BCE18B3D4B2005C51CE /* Sources */,
				84424BCF18B3D4B2005C51CE /* Frameworks */,
				84424BD018B3D4B2005C51CE /* Resources */,
				DC276D1C50B04A2C907402D6 /* Copy Pods Resources */,
			);
			buildRules = (
			);
			dependencies = (
				84424BD818B3D4B2005C51CE /* PBXTargetDependency */,
			);
			name = OCMockSingletonsExampleTests;
			productName = OCMockSingletonsExampleTests;
			productReference = 84424BD218B3D4B2005C51CE /* OCMockSingletonsExampleTests.xctest */;
			productType = "com.apple.product-type.bundle.unit-test";
		};
/* End PBXNativeTarget section */

/* Begin PBXProject section */
		84424BAF18B3D4B2005C51CE /* Project object */ = {
			isa = PBXProject;
			attributes = {
				LastUpgradeCheck = 0500;
				ORGANIZATIONNAME = uShip;
				TargetAttributes = {
					84424BD118B3D4B2005C51CE = {
						TestTargetID = 84424BB618B3D4B2005C51CE;
					};
				};
			};
			buildConfigurationList = 84424BB218B3D4B2005C51CE /* Build configuration list for PBXProject "OCMockSingletonsExample" */;
			compatibilityVersion = "Xcode 3.2";
			developmentRegion = English;
			hasScannedForEncodings = 0;
			knownRegions = (
				en,
			);
			mainGroup = 84424BAE18B3D4B2005C51CE;
			productRefGroup = 84424BB818B3D4B2005C51CE /* Products */;
			projectDirPath = "";
			projectRoot = "";
			targets = (
				84424BB618B3D4B2005C51CE /* OCMockSingletonsExample */,
				84424BD118B3D4B2005C51CE /* OCMockSingletonsExampleTests */,
			);
		};
/* End PBXProject section */

/* Begin PBXResourcesBuildPhase section */
		84424BB518B3D4B2005C51CE /* Resources */ = {
			isa = PBXResourcesBuildPhase;
			buildActionMask = 2147483647;
			files = (
				84424BED18B3D4D2005C51CE /* Main.storyboard in Resources */,
				84424BC518B3D4B2005C51CE /* InfoPlist.strings in Resources */,
				84424BCD18B3D4B2005C51CE /* Images.xcassets in Resources */,
			);
			runOnlyForDeploymentPostprocessing = 0;
		};
		84424BD018B3D4B2005C51CE /* Resources */ = {
			isa = PBXResourcesBuildPhase;
			buildActionMask = 2147483647;
			files = (
				84424BDE18B3D4B2005C51CE /* InfoPlist.strings in Resources */,
			);
			runOnlyForDeploymentPostprocessing = 0;
		};
/* End PBXResourcesBuildPhase section */

/* Begin PBXShellScriptBuildPhase section */
		0B736CF9B0464E81B34725B4 /* Check Pods Manifest.lock */ = {
			isa = PBXShellScriptBuildPhase;
			buildActionMask = 2147483647;
			files = (
			);
			inputPaths = (
			);
			name = "Check Pods Manifest.lock";
			outputPaths = (
			);
			runOnlyForDeploymentPostprocessing = 0;
			shellPath = /bin/sh;
			shellScript = "diff \"${PODS_ROOT}/../Podfile.lock\" \"${PODS_ROOT}/Manifest.lock\" > /dev/null\nif [[ $? != 0 ]] ; then\n    cat << EOM\nerror: The sandbox is not in sync with the Podfile.lock. Run 'pod install' or update your CocoaPods installation.\nEOM\n    exit 1\nfi\n";
			showEnvVarsInLog = 0;
		};
		DC276D1C50B04A2C907402D6 /* Copy Pods Resources */ = {
			isa = PBXShellScriptBuildPhase;
			buildActionMask = 2147483647;
			files = (
			);
			inputPaths = (
			);
			name = "Copy Pods Resources";
			outputPaths = (
			);
			runOnlyForDeploymentPostprocessing = 0;
			shellPath = /bin/sh;
			shellScript = "\"${SRCROOT}/Pods/Pods-OCMockSingletonsExampleTests-resources.sh\"\n";
			showEnvVarsInLog = 0;
		};
/* End PBXShellScriptBuildPhase section */

/* Begin PBXSourcesBuildPhase section */
		84424BB318B3D4B2005C51CE /* Sources */ = {
			isa = PBXSourcesBuildPhase;
			buildActionMask = 2147483647;
			files = (
				84424BF018B3D4E1005C51CE /* SettingsViewController.m in Sources */,
				84424BEB18B3D4CB005C51CE /* AppDelegate.m in Sources */,
				84424BC718B3D4B2005C51CE /* main.m in Sources */,
			);
			runOnlyForDeploymentPostprocessing = 0;
		};
		84424BCE18B3D4B2005C51CE /* Sources */ = {
			isa = PBXSourcesBuildPhase;
			buildActionMask = 2147483647;
			files = (
				84424BF218B3D4F8005C51CE /* SettingsViewControllerTests.m in Sources */,
			);
			runOnlyForDeploymentPostprocessing = 0;
		};
/* End PBXSourcesBuildPhase section */

/* Begin PBXTargetDependency section */
		84424BD818B3D4B2005C51CE /* PBXTargetDependency */ = {
			isa = PBXTargetDependency;
			target = 84424BB618B3D4B2005C51CE /* OCMockSingletonsExample */;
			targetProxy = 84424BD718B3D4B2005C51CE /* PBXContainerItemProxy */;
		};
/* End PBXTargetDependency section */

/* Begin PBXVariantGroup section */
		84424BC318B3D4B2005C51CE /* InfoPlist.strings */ = {
			isa = PBXVariantGroup;
			children = (
				84424BC418B3D4B2005C51CE /* en */,
			);
			name = InfoPlist.strings;
			sourceTree = "<group>";
		};
		84424BDC18B3D4B2005C51CE /* InfoPlist.strings */ = {
			isa = PBXVariantGroup;
			children = (
				84424BDD18B3D4B2005C51CE /* en */,
			);
			name = InfoPlist.strings;
			sourceTree = "<group>";
		};
/* End PBXVariantGroup section */

/* Begin XCBuildConfiguration section */
		84424BE118B3D4B2005C51CE /* Debug */ = {
			isa = XCBuildConfiguration;
			buildSettings = {
				ALWAYS_SEARCH_USER_PATHS = NO;
				ARCHS = "$(ARCHS_STANDARD_INCLUDING_64_BIT)";
				CLANG_CXX_LANGUAGE_STANDARD = "gnu++0x";
				CLANG_CXX_LIBRARY = "libc++";
				CLANG_ENABLE_MODULES = YES;
				CLANG_ENABLE_OBJC_ARC = YES;
				CLANG_WARN_BOOL_CONVERSION = YES;
				CLANG_WARN_CONSTANT_CONVERSION = YES;
				CLANG_WARN_DIRECT_OBJC_ISA_USAGE = YES_ERROR;
				CLANG_WARN_EMPTY_BODY = YES;
				CLANG_WARN_ENUM_CONVERSION = YES;
				CLANG_WARN_INT_CONVERSION = YES;
				CLANG_WARN_OBJC_ROOT_CLASS = YES_ERROR;
				CLANG_WARN__DUPLICATE_METHOD_MATCH = YES;
				"CODE_SIGN_IDENTITY[sdk=iphoneos*]" = "iPhone Developer";
				COPY_PHASE_STRIP = NO;
				GCC_C_LANGUAGE_STANDARD = gnu99;
				GCC_DYNAMIC_NO_PIC = NO;
				GCC_OPTIMIZATION_LEVEL = 0;
				GCC_PREPROCESSOR_DEFINITIONS = (
					"DEBUG=1",
					"$(inherited)",
				);
				GCC_SYMBOLS_PRIVATE_EXTERN = NO;
				GCC_WARN_64_TO_32_BIT_CONVERSION = YES;
				GCC_WARN_ABOUT_RETURN_TYPE = YES_ERROR;
				GCC_WARN_UNDECLARED_SELECTOR = YES;
				GCC_WARN_UNINITIALIZED_AUTOS = YES;
				GCC_WARN_UNUSED_FUNCTION = YES;
				GCC_WARN_UNUSED_VARIABLE = YES;
				IPHONEOS_DEPLOYMENT_TARGET = 7.0;
				ONLY_ACTIVE_ARCH = YES;
				SDKROOT = iphoneos;
			};
			name = Debug;
		};
		84424BE218B3D4B2005C51CE /* Release */ = {
			isa = XCBuildConfiguration;
			buildSettings = {
				ALWAYS_SEARCH_USER_PATHS = NO;
				ARCHS = "$(ARCHS_STANDARD_INCLUDING_64_BIT)";
				CLANG_CXX_LANGUAGE_STANDARD = "gnu++0x";
				CLANG_CXX_LIBRARY = "libc++";
				CLANG_ENABLE_MODULES = YES;
				CLANG_ENABLE_OBJC_ARC = YES;
				CLANG_WARN_BOOL_CONVERSION = YES;
				CLANG_WARN_CONSTANT_CONVERSION = YES;
				CLANG_WARN_DIRECT_OBJC_ISA_USAGE = YES_ERROR;
				CLANG_WARN_EMPTY_BODY = YES;
				CLANG_WARN_ENUM_CONVERSION = YES;
				CLANG_WARN_INT_CONVERSION = YES;
				CLANG_WARN_OBJC_ROOT_CLASS = YES_ERROR;
				CLANG_WARN__DUPLICATE_METHOD_MATCH = YES;
				"CODE_SIGN_IDENTITY[sdk=iphoneos*]" = "iPhone Developer";
				COPY_PHASE_STRIP = YES;
				ENABLE_NS_ASSERTIONS = NO;
				GCC_C_LANGUAGE_STANDARD = gnu99;
				GCC_WARN_64_TO_32_BIT_CONVERSION = YES;
				GCC_WARN_ABOUT_RETURN_TYPE = YES_ERROR;
				GCC_WARN_UNDECLARED_SELECTOR = YES;
				GCC_WARN_UNINITIALIZED_AUTOS = YES;
				GCC_WARN_UNUSED_FUNCTION = YES;
				GCC_WARN_UNUSED_VARIABLE = YES;
				IPHONEOS_DEPLOYMENT_TARGET = 7.0;
				SDKROOT = iphoneos;
				VALIDATE_PRODUCT = YES;
			};
			name = Release;
		};
		84424BE418B3D4B2005C51CE /* Debug */ = {
			isa = XCBuildConfiguration;
			buildSettings = {
				ASSETCATALOG_COMPILER_APPICON_NAME = AppIcon;
				ASSETCATALOG_COMPILER_LAUNCHIMAGE_NAME = LaunchImage;
				GCC_PRECOMPILE_PREFIX_HEADER = YES;
				GCC_PREFIX_HEADER = "OCMockSingletonsExample/OCMockSingletonsExample-Prefix.pch";
				INFOPLIST_FILE = "OCMockSingletonsExample/OCMockSingletonsExample-Info.plist";
				PRODUCT_NAME = "$(TARGET_NAME)";
				WRAPPER_EXTENSION = app;
			};
			name = Debug;
		};
		84424BE518B3D4B2005C51CE /* Release */ = {
			isa = XCBuildConfiguration;
			buildSettings = {
				ASSETCATALOG_COMPILER_APPICON_NAME = AppIcon;
				ASSETCATALOG_COMPILER_LAUNCHIMAGE_NAME = LaunchImage;
				GCC_PRECOMPILE_PREFIX_HEADER = YES;
				GCC_PREFIX_HEADER = "OCMockSingletonsExample/OCMockSingletonsExample-Prefix.pch";
				INFOPLIST_FILE = "OCMockSingletonsExample/OCMockSingletonsExample-Info.plist";
				PRODUCT_NAME = "$(TARGET_NAME)";
				WRAPPER_EXTENSION = app;
			};
			name = Release;
		};
		84424BE718B3D4B2005C51CE /* Debug */ = {
			isa = XCBuildConfiguration;
			baseConfigurationReference = 970D463D207E485EB6F80F7A /* Pods-OCMockSingletonsExampleTests.xcconfig */;
			buildSettings = {
				ARCHS = "$(ARCHS_STANDARD_INCLUDING_64_BIT)";
				BUNDLE_LOADER = "$(BUILT_PRODUCTS_DIR)/OCMockSingletonsExample.app/OCMockSingletonsExample";
				FRAMEWORK_SEARCH_PATHS = (
					"$(SDKROOT)/Developer/Library/Frameworks",
					"$(inherited)",
					"$(DEVELOPER_FRAMEWORKS_DIR)",
				);
				GCC_PRECOMPILE_PREFIX_HEADER = YES;
				GCC_PREFIX_HEADER = "OCMockSingletonsExample/OCMockSingletonsExample-Prefix.pch";
				GCC_PREPROCESSOR_DEFINITIONS = (
					"DEBUG=1",
					"$(inherited)",
				);
				INFOPLIST_FILE = "OCMockSingletonsExampleTests/OCMockSingletonsExampleTests-Info.plist";
				PRODUCT_NAME = "$(TARGET_NAME)";
				TEST_HOST = "$(BUNDLE_LOADER)";
				WRAPPER_EXTENSION = xctest;
			};
			name = Debug;
		};
		84424BE818B3D4B2005C51CE /* Release */ = {
			isa = XCBuildConfiguration;
			baseConfigurationReference = 970D463D207E485EB6F80F7A /* Pods-OCMockSingletonsExampleTests.xcconfig */;
			buildSettings = {
				ARCHS = "$(ARCHS_STANDARD_INCLUDING_64_BIT)";
				BUNDLE_LOADER = "$(BUILT_PRODUCTS_DIR)/OCMockSingletonsExample.app/OCMockSingletonsExample";
				FRAMEWORK_SEARCH_PATHS = (
					"$(SDKROOT)/Developer/Library/Frameworks",
					"$(inherited)",
					"$(DEVELOPER_FRAMEWORKS_DIR)",
				);
				GCC_PRECOMPILE_PREFIX_HEADER = YES;
				GCC_PREFIX_HEADER = "OCMockSingletonsExample/OCMockSingletonsExample-Prefix.pch";
				INFOPLIST_FILE = "OCMockSingletonsExampleTests/OCMockSingletonsExampleTests-Info.plist";
				PRODUCT_NAME = "$(TARGET_NAME)";
				TEST_HOST = "$(BUNDLE_LOADER)";
				WRAPPER_EXTENSION = xctest;
			};
			name = Release;
		};
/* End XCBuildConfiguration section */

/* Begin XCConfigurationList section */
		84424BB218B3D4B2005C51CE /* Build configuration list for PBXProject "OCMockSingletonsExample" */ = {
			isa = XCConfigurationList;
			buildConfigurations = (
				84424BE118B3D4B2005C51CE /* Debug */,
				84424BE218B3D4B2005C51CE /* Release */,
			);
			defaultConfigurationIsVisible = 0;
			defaultConfigurationName = Release;
		};
		84424BE318B3D4B2005C51CE /* Build configuration list for PBXNativeTarget "OCMockSingletonsExample" */ = {
			isa = XCConfigurationList;
			buildConfigurations = (
				84424BE418B3D4B2005C51CE /* Debug */,
				84424BE518B3D4B2005C51CE /* Release */,
			);
			defaultConfigurationIsVisible = 0;
			defaultConfigurationName = Release;
		};
		84424BE618B3D4B2005C51CE /* Build configuration list for PBXNativeTarget "OCMockSingletonsExampleTests" */ = {
			isa = XCConfigurationList;
			buildConfigurations = (
				84424BE718B3D4B2005C51CE /* Debug */,
				84424BE818B3D4B2005C51CE /* Release */,
			);
			defaultConfigurationIsVisible = 0;
			defaultConfigurationName = Release;
		};
/* End XCConfigurationList section */
	};
	rootObject = 84424BAF18B3D4B2005C51CE /* Project object */;
}
